
Microsoft Visual Studio Solution File, Format Version 12.00
# Visual Studio Version 17
VisualStudioVersion = 17.5.33530.505
MinimumVisualStudioVersion = 10.0.40219.1
Project("{9A19103F-16F7-4668-BE54-9A1E7A4F7556}") = "Misol2", "Misol2\Misol2.csproj", "{DFCBC9BE-223E-48B3-9B12-E13CB9155D53}"
EndProject
Global
	GlobalSection(SolutionConfigurationPlatforms) = preSolution
		Debug|Any CPU = Debug|Any CPU
		Release|Any CPU = Release|Any CPU
	EndGlobalSection
	GlobalSection(ProjectConfigurationPlatforms) = postSolution
		{DFCBC9BE-223E-48B3-9B12-E13CB9155D53}.Debug|Any CPU.ActiveCfg = Debug|Any CPU
		{DFCBC9BE-223E-48B3-9B12-E13CB9155D53}.Debug|Any CPU.Build.0 = Debug|Any CPU
		{DFCBC9BE-223E-48B3-9B12-E13CB9155D53}.Release|Any CPU.ActiveCfg = Release|Any CPU
		{DFCBC9BE-223E-48B3-9B12-E13CB9155D53}.Release|Any CPU.Build.0 = Release|Any CPU
	EndGlobalSection
	GlobalSection(SolutionProperties) = preSolution
		HideSolutionNode = FALSE
	EndGlobalSection
	GlobalSection(ExtensibilityGlobals) = postSolution
		SolutionGuid = {87474BA5-957A-49D1-9841-3027B0B7AD69}
	EndGlobalSection
EndGlobal
